// !$*UTF8*$!
{
	archiveVersion = 1;
	classes = {
	};
	objectVersion = 46;
	objects = {

/* Begin PBXBuildFile section */
		A3977F5C1CD889BD00994293 /* AppDelegate.swift in Sources */ = {isa = PBXBuildFile; fileRef = A3977F5B1CD889BD00994293 /* AppDelegate.swift */; };
		A3977F611CD889BD00994293 /* Main.storyboard in Resources */ = {isa = PBXBuildFile; fileRef = A3977F5F1CD889BD00994293 /* Main.storyboard */; };
		A3977F631CD889BD00994293 /* Assets.xcassets in Resources */ = {isa = PBXBuildFile; fileRef = A3977F621CD889BD00994293 /* Assets.xcassets */; };
		A3977F661CD889BD00994293 /* LaunchScreen.storyboard in Resources */ = {isa = PBXBuildFile; fileRef = A3977F641CD889BD00994293 /* LaunchScreen.storyboard */; };
		A3977F6E1CD8948700994293 /* MRT.json in Resources */ = {isa = PBXBuildFile; fileRef = A3977F6D1CD8948700994293 /* MRT.json */; };
		A3977F741CD9805B00994293 /* MRTStationsListViewController.swift in Sources */ = {isa = PBXBuildFile; fileRef = A3977F731CD9805B00994293 /* MRTStationsListViewController.swift */; };
		A3AE9A301CDCDBDF00E0AE78 /* MRTStationsData.swift in Sources */ = {isa = PBXBuildFile; fileRef = A3AE9A2F1CDCDBDF00E0AE78 /* MRTStationsData.swift */; };
		A3AE9A341CDD0A0A00E0AE78 /* MRTStationTableViewCell.swift in Sources */ = {isa = PBXBuildFile; fileRef = A3AE9A331CDD0A0A00E0AE78 /* MRTStationTableViewCell.swift */; };
		A3AE9A361CDE124400E0AE78 /* MRTStationDetailViewController.swift in Sources */ = {isa = PBXBuildFile; fileRef = A3AE9A351CDE124400E0AE78 /* MRTStationDetailViewController.swift */; };
		A3AE9A381CDE64DB00E0AE78 /* MRTStationDetailViewControllerTwo.swift in Sources */ = {isa = PBXBuildFile; fileRef = A3AE9A371CDE64DB00E0AE78 /* MRTStationDetailViewControllerTwo.swift */; };
		A3AE9A3A1CDE67EB00E0AE78 /* MRTStationTableViewCellTwo.swift in Sources */ = {isa = PBXBuildFile; fileRef = A3AE9A391CDE67EB00E0AE78 /* MRTStationTableViewCellTwo.swift */; };
		D73F68AD508F6DC461C6C7F1 /* Pods_Homework2.framework in Frameworks */ = {isa = PBXBuildFile; fileRef = 1BDC114C4C6BE97CEB67AD07 /* Pods_Homework2.framework */; };
/* End PBXBuildFile section */

/* Begin PBXFileReference section */
		1BDC114C4C6BE97CEB67AD07 /* Pods_Homework2.framework */ = {isa = PBXFileReference; explicitFileType = wrapper.framework; includeInIndex = 0; path = Pods_Homework2.framework; sourceTree = BUILT_PRODUCTS_DIR; };
		25857F154FD53D93AAE68210 /* Pods-Homework2.debug.xcconfig */ = {isa = PBXFileReference; includeInIndex = 1; lastKnownFileType = text.xcconfig; name = "Pods-Homework2.debug.xcconfig"; path = "Pods/Target Support Files/Pods-Homework2/Pods-Homework2.debug.xcconfig"; sourceTree = "<group>"; };
		346504D853ACCE326078EB04 /* Pods-Homework2.release.xcconfig */ = {isa = PBXFileReference; includeInIndex = 1; lastKnownFileType = text.xcconfig; name = "Pods-Homework2.release.xcconfig"; path = "Pods/Target Support Files/Pods-Homework2/Pods-Homework2.release.xcconfig"; sourceTree = "<group>"; };
		A3977F581CD889BD00994293 /* Homework2.app */ = {isa = PBXFileReference; explicitFileType = wrapper.application; includeInIndex = 0; path = Homework2.app; sourceTree = BUILT_PRODUCTS_DIR; };
		A3977F5B1CD889BD00994293 /* AppDelegate.swift */ = {isa = PBXFileReference; lastKnownFileType = sourcecode.swift; path = AppDelegate.swift; sourceTree = "<group>"; };
		A3977F601CD889BD00994293 /* Base */ = {isa = PBXFileReference; lastKnownFileType = file.storyboard; name = Base; path = Base.lproj/Main.storyboard; sourceTree = "<group>"; };
		A3977F621CD889BD00994293 /* Assets.xcassets */ = {isa = PBXFileReference; lastKnownFileType = folder.assetcatalog; path = Assets.xcassets; sourceTree = "<group>"; };
		A3977F651CD889BD00994293 /* Base */ = {isa = PBXFileReference; lastKnownFileType = file.storyboard; name = Base; path = Base.lproj/LaunchScreen.storyboard; sourceTree = "<group>"; };
		A3977F671CD889BD00994293 /* Info.plist */ = {isa = PBXFileReference; lastKnownFileType = text.plist.xml; path = Info.plist; sourceTree = "<group>"; };
		A3977F6D1CD8948700994293 /* MRT.json */ = {isa = PBXFileReference; fileEncoding = 4; lastKnownFileType = text.json; path = MRT.json; sourceTree = "<group>"; };
		A3977F731CD9805B00994293 /* MRTStationsListViewController.swift */ = {isa = PBXFileReference; fileEncoding = 4; lastKnownFileType = sourcecode.swift; path = MRTStationsListViewController.swift; sourceTree = "<group>"; };
		A3AE9A2F1CDCDBDF00E0AE78 /* MRTStationsData.swift */ = {isa = PBXFileReference; fileEncoding = 4; lastKnownFileType = sourcecode.swift; path = MRTStationsData.swift; sourceTree = "<group>"; };
		A3AE9A331CDD0A0A00E0AE78 /* MRTStationTableViewCell.swift */ = {isa = PBXFileReference; fileEncoding = 4; lastKnownFileType = sourcecode.swift; path = MRTStationTableViewCell.swift; sourceTree = "<group>"; };
		A3AE9A351CDE124400E0AE78 /* MRTStationDetailViewController.swift */ = {isa = PBXFileReference; fileEncoding = 4; lastKnownFileType = sourcecode.swift; path = MRTStationDetailViewController.swift; sourceTree = "<group>"; };
		A3AE9A371CDE64DB00E0AE78 /* MRTStationDetailViewControllerTwo.swift */ = {isa = PBXFileReference; fileEncoding = 4; lastKnownFileType = sourcecode.swift; path = MRTStationDetailViewControllerTwo.swift; sourceTree = "<group>"; };
		A3AE9A391CDE67EB00E0AE78 /* MRTStationTableViewCellTwo.swift */ = {isa = PBXFileReference; fileEncoding = 4; lastKnownFileType = sourcecode.swift; path = MRTStationTableViewCellTwo.swift; sourceTree = "<group>"; };
/* End PBXFileReference section */

/* Begin PBXFrameworksBuildPhase section */
		A3977F551CD889BD00994293 /* Frameworks */ = {
			isa = PBXFrameworksBuildPhase;
			buildActionMask = 2147483647;
			files = (
				D73F68AD508F6DC461C6C7F1 /* Pods_Homework2.framework in Frameworks */,
			);
			runOnlyForDeploymentPostprocessing = 0;
		};
/* End PBXFrameworksBuildPhase section */

/* Begin PBXGroup section */
		33657DDE65EA9DB8AF94D518 /* Frameworks */ = {
			isa = PBXGroup;
			children = (
				1BDC114C4C6BE97CEB67AD07 /* Pods_Homework2.framework */,
			);
			name = Frameworks;
			sourceTree = "<group>";
		};
		A3977F4F1CD889BD00994293 = {
			isa = PBXGroup;
			children = (
				A3977F5A1CD889BD00994293 /* Homework2 */,
				A3977F591CD889BD00994293 /* Products */,
				F2241EEA283F91120E43D8E1 /* Pods */,
				33657DDE65EA9DB8AF94D518 /* Frameworks */,
			);
			sourceTree = "<group>";
		};
		A3977F591CD889BD00994293 /* Products */ = {
			isa = PBXGroup;
			children = (
				A3977F581CD889BD00994293 /* Homework2.app */,
			);
			name = Products;
			sourceTree = "<group>";
		};
		A3977F5A1CD889BD00994293 /* Homework2 */ = {
			isa = PBXGroup;
			children = (
				A3977F6D1CD8948700994293 /* MRT.json */,
				A3977F5B1CD889BD00994293 /* AppDelegate.swift */,
				A3977F731CD9805B00994293 /* MRTStationsListViewController.swift */,
				A3977F5F1CD889BD00994293 /* Main.storyboard */,
				A3AE9A351CDE124400E0AE78 /* MRTStationDetailViewController.swift */,
				A3AE9A371CDE64DB00E0AE78 /* MRTStationDetailViewControllerTwo.swift */,
				A3AE9A331CDD0A0A00E0AE78 /* MRTStationTableViewCell.swift */,
				A3AE9A391CDE67EB00E0AE78 /* MRTStationTableViewCellTwo.swift */,
				A3AE9A2F1CDCDBDF00E0AE78 /* MRTStationsData.swift */,
				A3977F621CD889BD00994293 /* Assets.xcassets */,
				A3977F641CD889BD00994293 /* LaunchScreen.storyboard */,
				A3977F671CD889BD00994293 /* Info.plist */,
			);
			path = Homework2;
			sourceTree = "<group>";
		};
		F2241EEA283F91120E43D8E1 /* Pods */ = {
			isa = PBXGroup;
			children = (
				25857F154FD53D93AAE68210 /* Pods-Homework2.debug.xcconfig */,
				346504D853ACCE326078EB04 /* Pods-Homework2.release.xcconfig */,
			);
			name = Pods;
			sourceTree = "<group>";
		};
/* End PBXGroup section */

/* Begin PBXNativeTarget section */
		A3977F571CD889BD00994293 /* Homework2 */ = {
			isa = PBXNativeTarget;
			buildConfigurationList = A3977F6A1CD889BD00994293 /* Build configuration list for PBXNativeTarget "Homework2" */;
			buildPhases = (
				432600F0D356D79C9FF8FA66 /* 📦 Check Pods Manifest.lock */,
				A3977F541CD889BD00994293 /* Sources */,
				A3977F551CD889BD00994293 /* Frameworks */,
				A3977F561CD889BD00994293 /* Resources */,
				628D387BDE0507C70D94A97B /* 📦 Embed Pods Frameworks */,
				30FEC1D5257ECB9D7D66F04C /* 📦 Copy Pods Resources */,
			);
			buildRules = (
			);
			dependencies = (
			);
			name = Homework2;
			productName = Homework2;
			productReference = A3977F581CD889BD00994293 /* Homework2.app */;
			productType = "com.apple.product-type.application";
		};
/* End PBXNativeTarget section */

/* Begin PBXProject section */
		A3977F501CD889BD00994293 /* Project object */ = {
			isa = PBXProject;
			attributes = {
				LastSwiftUpdateCheck = 0730;
				LastUpgradeCheck = 0730;
				ORGANIZATIONNAME = "陳宥丞";
				TargetAttributes = {
					A3977F571CD889BD00994293 = {
						CreatedOnToolsVersion = 7.3;
						DevelopmentTeam = CDG5NKXX5Y;
					};
				};
			};
			buildConfigurationList = A3977F531CD889BD00994293 /* Build configuration list for PBXProject "Homework2" */;
			compatibilityVersion = "Xcode 3.2";
			developmentRegion = English;
			hasScannedForEncodings = 0;
			knownRegions = (
				en,
				Base,
			);
			mainGroup = A3977F4F1CD889BD00994293;
			productRefGroup = A3977F591CD889BD00994293 /* Products */;
			projectDirPath = "";
			projectRoot = "";
			targets = (
				A3977F571CD889BD00994293 /* Homework2 */,
			);
		};
/* End PBXProject section */

/* Begin PBXResourcesBuildPhase section */
		A3977F561CD889BD00994293 /* Resources */ = {
			isa = PBXResourcesBuildPhase;
			buildActionMask = 2147483647;
			files = (
				A3977F661CD889BD00994293 /* LaunchScreen.storyboard in Resources */,
				A3977F631CD889BD00994293 /* Assets.xcassets in Resources */,
				A3977F611CD889BD00994293 /* Main.storyboard in Resources */,
				A3977F6E1CD8948700994293 /* MRT.json in Resources */,
			);
			runOnlyForDeploymentPostprocessing = 0;
		};
/* End PBXResourcesBuildPhase section */

/* Begin PBXShellScriptBuildPhase section */
		30FEC1D5257ECB9D7D66F04C /* 📦 Copy Pods Resources */ = {
			isa = PBXShellScriptBuildPhase;
			buildActionMask = 2147483647;
			files = (
			);
			inputPaths = (
			);
			name = "📦 Copy Pods Resources";
			outputPaths = (
			);
			runOnlyForDeploymentPostprocessing = 0;
			shellPath = /bin/sh;
			shellScript = "\"${SRCROOT}/Pods/Target Support Files/Pods-Homework2/Pods-Homework2-resources.sh\"\n";
			showEnvVarsInLog = 0;
		};
		432600F0D356D79C9FF8FA66 /* 📦 Check Pods Manifest.lock */ = {
			isa = PBXShellScriptBuildPhase;
			buildActionMask = 2147483647;
			files = (
			);
			inputPaths = (
			);
			name = "📦 Check Pods Manifest.lock";
			outputPaths = (
			);
			runOnlyForDeploymentPostprocessing = 0;
			shellPath = /bin/sh;
			shellScript = "diff \"${PODS_ROOT}/../Podfile.lock\" \"${PODS_ROOT}/Manifest.lock\" > /dev/null\nif [[ $? != 0 ]] ; then\n    cat << EOM\nerror: The sandbox is not in sync with the Podfile.lock. Run 'pod install' or update your CocoaPods installation.\nEOM\n    exit 1\nfi\n";
			showEnvVarsInLog = 0;
		};
		628D387BDE0507C70D94A97B /* 📦 Embed Pods Frameworks */ = {
			isa = PBXShellScriptBuildPhase;
			buildActionMask = 2147483647;
			files = (
			);
			inputPaths = (
			);
			name = "📦 Embed Pods Frameworks";
			outputPaths = (
			);
			runOnlyForDeploymentPostprocessing = 0;
			shellPath = /bin/sh;
			shellScript = "\"${SRCROOT}/Pods/Target Support Files/Pods-Homework2/Pods-Homework2-frameworks.sh\"\n";
			showEnvVarsInLog = 0;
		};
/* End PBXShellScriptBuildPhase section */

/* Begin PBXSourcesBuildPhase section */
		A3977F541CD889BD00994293 /* Sources */ = {
			isa = PBXSourcesBuildPhase;
			buildActionMask = 2147483647;
			files = (
				A3AE9A341CDD0A0A00E0AE78 /* MRTStationTableViewCell.swift in Sources */,
				A3AE9A3A1CDE67EB00E0AE78 /* MRTStationTableViewCellTwo.swift in Sources */,
				A3AE9A381CDE64DB00E0AE78 /* MRTStationDetailViewControllerTwo.swift in Sources */,
				A3977F741CD9805B00994293 /* MRTStationsListViewController.swift in Sources */,
				A3AE9A361CDE124400E0AE78 /* MRTStationDetailViewController.swift in Sources */,
				A3AE9A301CDCDBDF00E0AE78 /* MRTStationsData.swift in Sources */,
				A3977F5C1CD889BD00994293 /* AppDelegate.swift in Sources */,
			);
			runOnlyForDeploymentPostprocessing = 0;
		};
/* End PBXSourcesBuildPhase section */

/* Begin PBXVariantGroup section */
		A3977F5F1CD889BD00994293 /* Main.storyboard */ = {
			isa = PBXVariantGroup;
			children = (
				A3977F601CD889BD00994293 /* Base */,
			);
			name = Main.storyboard;
			sourceTree = "<group>";
		};
		A3977F641CD889BD00994293 /* LaunchScreen.storyboard */ = {
			isa = PBXVariantGroup;
			children = (
				A3977F651CD889BD00994293 /* Base */,
			);
			name = LaunchScreen.storyboard;
			sourceTree = "<group>";
		};
/* End PBXVariantGroup section */

/* Begin XCBuildConfiguration section */
		A3977F681CD889BD00994293 /* Debug */ = {
			isa = XCBuildConfiguration;
			buildSettings = {
				ALWAYS_SEARCH_USER_PATHS = NO;
				CLANG_ANALYZER_NONNULL = YES;
				CLANG_CXX_LANGUAGE_STANDARD = "gnu++0x";
				CLANG_CXX_LIBRARY = "libc++";
				CLANG_ENABLE_MODULES = YES;
				CLANG_ENABLE_OBJC_ARC = YES;
				CLANG_WARN_BOOL_CONVERSION = YES;
				CLANG_WARN_CONSTANT_CONVERSION = YES;
				CLANG_WARN_DIRECT_OBJC_ISA_USAGE = YES_ERROR;
				CLANG_WARN_EMPTY_BODY = YES;
				CLANG_WARN_ENUM_CONVERSION = YES;
				CLANG_WARN_INT_CONVERSION = YES;
				CLANG_WARN_OBJC_ROOT_CLASS = YES_ERROR;
				CLANG_WARN_UNREACHABLE_CODE = YES;
				CLANG_WARN__DUPLICATE_METHOD_MATCH = YES;
				"CODE_SIGN_IDENTITY[sdk=iphoneos*]" = "iPhone Developer";
				COPY_PHASE_STRIP = NO;
				DEBUG_INFORMATION_FORMAT = dwarf;
				ENABLE_STRICT_OBJC_MSGSEND = YES;
				ENABLE_TESTABILITY = YES;
				GCC_C_LANGUAGE_STANDARD = gnu99;
				GCC_DYNAMIC_NO_PIC = NO;
				GCC_NO_COMMON_BLOCKS = YES;
				GCC_OPTIMIZATION_LEVEL = 0;
				GCC_PREPROCESSOR_DEFINITIONS = (
					"DEBUG=1",
					"$(inherited)",
				);
				GCC_WARN_64_TO_32_BIT_CONVERSION = YES;
				GCC_WARN_ABOUT_RETURN_TYPE = YES_ERROR;
				GCC_WARN_UNDECLARED_SELECTOR = YES;
				GCC_WARN_UNINITIALIZED_AUTOS = YES_AGGRESSIVE;
				GCC_WARN_UNUSED_FUNCTION = YES;
				GCC_WARN_UNUSED_VARIABLE = YES;
				IPHONEOS_DEPLOYMENT_TARGET = 9.3;
				MTL_ENABLE_DEBUG_INFO = YES;
				ONLY_ACTIVE_ARCH = YES;
				SDKROOT = iphoneos;
				SWIFT_OPTIMIZATION_LEVEL = "-Onone";
				TARGETED_DEVICE_FAMILY = "1,2";
			};
			name = Debug;
		};
		A3977F691CD889BD00994293 /* Release */ = {
			isa = XCBuildConfiguration;
			buildSettings = {
				ALWAYS_SEARCH_USER_PATHS = NO;
				CLANG_ANALYZER_NONNULL = YES;
				CLANG_CXX_LANGUAGE_STANDARD = "gnu++0x";
				CLANG_CXX_LIBRARY = "libc++";
				CLANG_ENABLE_MODULES = YES;
				CLANG_ENABLE_OBJC_ARC = YES;
				CLANG_WARN_BOOL_CONVERSION = YES;
				CLANG_WARN_CONSTANT_CONVERSION = YES;
				CLANG_WARN_DIRECT_OBJC_ISA_USAGE = YES_ERROR;
				CLANG_WARN_EMPTY_BODY = YES;
				CLANG_WARN_ENUM_CONVERSION = YES;
				CLANG_WARN_INT_CONVERSION = YES;
				CLANG_WARN_OBJC_ROOT_CLASS = YES_ERROR;
				CLANG_WARN_UNREACHABLE_CODE = YES;
				CLANG_WARN__DUPLICATE_METHOD_MATCH = YES;
				"CODE_SIGN_IDENTITY[sdk=iphoneos*]" = "iPhone Developer";
				COPY_PHASE_STRIP = NO;
				DEBUG_INFORMATION_FORMAT = "dwarf-with-dsym";
				ENABLE_NS_ASSERTIONS = NO;
				ENABLE_STRICT_OBJC_MSGSEND = YES;
				GCC_C_LANGUAGE_STANDARD = gnu99;
				GCC_NO_COMMON_BLOCKS = YES;
				GCC_WARN_64_TO_32_BIT_CONVERSION = YES;
				GCC_WARN_ABOUT_RETURN_TYPE = YES_ERROR;
				GCC_WARN_UNDECLARED_SELECTOR = YES;
				GCC_WARN_UNINITIALIZED_AUTOS = YES_AGGRESSIVE;
				GCC_WARN_UNUSED_FUNCTION = YES;
				GCC_WARN_UNUSED_VARIABLE = YES;
				IPHONEOS_DEPLOYMENT_TARGET = 9.3;
				MTL_ENABLE_DEBUG_INFO = NO;
				SDKROOT = iphoneos;
				TARGETED_DEVICE_FAMILY = "1,2";
				VALIDATE_PRODUCT = YES;
			};
			name = Release;
		};
		A3977F6B1CD889BD00994293 /* Debug */ = {
			isa = XCBuildConfiguration;
			baseConfigurationReference = 25857F154FD53D93AAE68210 /* Pods-Homework2.debug.xcconfig */;
			buildSettings = {
				ASSETCATALOG_COMPILER_APPICON_NAME = AppIcon;
				INFOPLIST_FILE = Homework2/Info.plist;
				LD_RUNPATH_SEARCH_PATHS = "$(inherited) @executable_path/Frameworks";
				PRODUCT_BUNDLE_IDENTIFIER = tw.edu.nccu.Homework2;
				PRODUCT_NAME = "$(TARGET_NAME)";
			};
			name = Debug;
		};
		A3977F6C1CD889BD00994293 /* Release */ = {
			isa = XCBuildConfiguration;
			baseConfigurationReference = 346504D853ACCE326078EB04 /* Pods-Homework2.release.xcconfig */;
			buildSettings = {
				ASSETCATALOG_COMPILER_APPICON_NAME = AppIcon;
				INFOPLIST_FILE = Homework2/Info.plist;
				LD_RUNPATH_SEARCH_PATHS = "$(inherited) @executable_path/Frameworks";
				PRODUCT_BUNDLE_IDENTIFIER = tw.edu.nccu.Homework2;
				PRODUCT_NAME = "$(TARGET_NAME)";
			};
			name = Release;
		};
/* End XCBuildConfiguration section */

/* Begin XCConfigurationList section */
		A3977F531CD889BD00994293 /* Build configuration list for PBXProject "Homework2" */ = {
			isa = XCConfigurationList;
			buildConfigurations = (
				A3977F681CD889BD00994293 /* Debug */,
				A3977F691CD889BD00994293 /* Release */,
			);
			defaultConfigurationIsVisible = 0;
			defaultConfigurationName = Release;
		};
		A3977F6A1CD889BD00994293 /* Build configuration list for PBXNativeTarget "Homework2" */ = {
			isa = XCConfigurationList;
			buildConfigurations = (
				A3977F6B1CD889BD00994293 /* Debug */,
				A3977F6C1CD889BD00994293 /* Release */,
			);
			defaultConfigurationIsVisible = 0;
			defaultConfigurationName = Release;
		};
/* End XCConfigurationList section */
	};
	rootObject = A3977F501CD889BD00994293 /* Project object */;
}
